
Microsoft Visual Studio Solution File, Format Version 12.00
# Visual Studio Version 17
VisualStudioVersion = 17.5.002.0
MinimumVisualStudioVersion = 10.0.40219.1
Project("{9A19103F-16F7-4668-BE54-9A1E7A4F7556}") = "ApiAnon", "ApiAnon.csproj", "{90A988EF-AC47-4A0A-84F5-C8FB68E57984}"
EndProject
Global
	GlobalSection(SolutionConfigurationPlatforms) = preSolution
		Debug|Any CPU = Debug|Any CPU
		Release|Any CPU = Release|Any CPU
	EndGlobalSection
	GlobalSection(ProjectConfigurationPlatforms) = postSolution
		{90A988EF-AC47-4A0A-84F5-C8FB68E57984}.Debug|Any CPU.ActiveCfg = Debug|Any CPU
		{90A988EF-AC47-4A0A-84F5-C8FB68E57984}.Debug|Any CPU.Build.0 = Debug|Any CPU
		{90A988EF-AC47-4A0A-84F5-C8FB68E57984}.Release|Any CPU.ActiveCfg = Release|Any CPU
		{90A988EF-AC47-4A0A-84F5-C8FB68E57984}.Release|Any CPU.Build.0 = Release|Any CPU
	EndGlobalSection
	GlobalSection(SolutionProperties) = preSolution
		HideSolutionNode = FALSE
	EndGlobalSection
	GlobalSection(ExtensibilityGlobals) = postSolution
		SolutionGuid = {63E219CD-C325-4B4F-BA13-B07B5EB1689D}
	EndGlobalSection
EndGlobal
